
Microsoft Visual Studio Solution File, Format Version 12.00
# Visual Studio 2013
VisualStudioVersion = 12.0.30723.0
MinimumVisualStudioVersion = 10.0.40219.1
Project("{FAE04EC0-301F-11D3-BF4B-00C04F79EFBC}") = "RoomMonitoring", "RoomMonitoring\RoomMonitoring.csproj", "{46584573-687F-4E62-AF32-329F34450818}"
EndProject
Project("{E24C65DC-7377-472B-9ABA-BC803B73C61A}") = "WebMonitoring", "http://localhost:61297", "{F8D2E8ED-3041-4E41-9D17-83C4A0050D47}"
	ProjectSection(WebsiteProperties) = preProject
		UseIISExpress = "true"
		TargetFrameworkMoniker = ".NETFramework,Version%3Dv4.5"
		Debug.AspNetCompiler.VirtualPath = "/localhost_61297"
		Debug.AspNetCompiler.PhysicalPath = "..\WebMonitoring\"
		Debug.AspNetCompiler.TargetPath = "PrecompiledWeb\localhost_61297\"
		Debug.AspNetCompiler.Updateable = "true"
		Debug.AspNetCompiler.ForceOverwrite = "true"
		Debug.AspNetCompiler.FixedNames = "false"
		Debug.AspNetCompiler.Debug = "True"
		Release.AspNetCompiler.VirtualPath = "/localhost_61297"
		Release.AspNetCompiler.PhysicalPath = "..\WebMonitoring\"
		Release.AspNetCompiler.TargetPath = "PrecompiledWeb\localhost_61297\"
		Release.AspNetCompiler.Updateable = "true"
		Release.AspNetCompiler.ForceOverwrite = "true"
		Release.AspNetCompiler.FixedNames = "false"
		Release.AspNetCompiler.Debug = "False"
		SlnRelativePath = "..\WebMonitoring\"
		DefaultWebSiteLanguage = "Visual C#"
	EndProjectSection
EndProject
Global
	GlobalSection(SolutionConfigurationPlatforms) = preSolution
		Debug|Any CPU = Debug|Any CPU
		Release|Any CPU = Release|Any CPU
	EndGlobalSection
	GlobalSection(ProjectConfigurationPlatforms) = postSolution
		{46584573-687F-4E62-AF32-329F34450818}.Debug|Any CPU.ActiveCfg = Debug|Any CPU
		{46584573-687F-4E62-AF32-329F34450818}.Debug|Any CPU.Build.0 = Debug|Any CPU
		{46584573-687F-4E62-AF32-329F34450818}.Debug|Any CPU.Deploy.0 = Debug|Any CPU
		{46584573-687F-4E62-AF32-329F34450818}.Release|Any CPU.ActiveCfg = Release|Any CPU
		{46584573-687F-4E62-AF32-329F34450818}.Release|Any CPU.Build.0 = Release|Any CPU
		{46584573-687F-4E62-AF32-329F34450818}.Release|Any CPU.Deploy.0 = Release|Any CPU
		{F8D2E8ED-3041-4E41-9D17-83C4A0050D47}.Debug|Any CPU.ActiveCfg = Debug|Any CPU
		{F8D2E8ED-3041-4E41-9D17-83C4A0050D47}.Debug|Any CPU.Build.0 = Debug|Any CPU
		{F8D2E8ED-3041-4E41-9D17-83C4A0050D47}.Release|Any CPU.ActiveCfg = Debug|Any CPU
		{F8D2E8ED-3041-4E41-9D17-83C4A0050D47}.Release|Any CPU.Build.0 = Debug|Any CPU
	EndGlobalSection
	GlobalSection(SolutionProperties) = preSolution
		HideSolutionNode = FALSE
	EndGlobalSection
EndGlobal
